
Microsoft Visual Studio Solution File, Format Version 12.00
# Visual Studio 15
VisualStudioVersion = 15.0.26124.0
MinimumVisualStudioVersion = 15.0.26124.0
Project("{FAE04EC0-301F-11D3-BF4B-00C04F79EFBC}") = "AD.Identity", "src/AD.Identity\AD.Identity.csproj", "{F5316F47-6E3E-40FC-BD97-34067097B6CD}"
EndProject
Project("{FAE04EC0-301F-11D3-BF4B-00C04F79EFBC}") = "IdentityApi", "src/IdentityApi\IdentityApi.csproj", "{96121D12-C9C5-49CF-BB8B-FA00B239FC25}"
EndProject
Project("{2150E333-8FDC-42A3-9474-1A3956D46DE8}") = "sln", "sln", "{CF85963D-9020-4641-9CBB-718FBFD493BD}"
ProjectSection(SolutionItems) = preProject
	.appveyor.yml = .appveyor.yml
	.gitignore = .gitignore
	LICENSE = LICENSE
	README.md = README.md
EndProjectSection
EndProject
Project("{2150E333-8FDC-42A3-9474-1A3956D46DE8}") = "src", "src", "{902CDD6F-ECBD-4EC4-808A-179E717F8F23}"
EndProject
Project("{2150E333-8FDC-42A3-9474-1A3956D46DE8}") = "test", "test", "{3226E3D0-0B33-491B-BC7F-D990C934B235}"
EndProject
Global
	GlobalSection(SolutionConfigurationPlatforms) = preSolution
		Debug|Any CPU = Debug|Any CPU
		Debug|x64 = Debug|x64
		Debug|x86 = Debug|x86
		Release|Any CPU = Release|Any CPU
		Release|x64 = Release|x64
		Release|x86 = Release|x86
	EndGlobalSection
	GlobalSection(SolutionProperties) = preSolution
		HideSolutionNode = FALSE
	EndGlobalSection
	GlobalSection(ProjectConfigurationPlatforms) = postSolution
		{F5316F47-6E3E-40FC-BD97-34067097B6CD}.Debug|Any CPU.ActiveCfg = Debug|Any CPU
		{F5316F47-6E3E-40FC-BD97-34067097B6CD}.Debug|Any CPU.Build.0 = Debug|Any CPU
		{F5316F47-6E3E-40FC-BD97-34067097B6CD}.Debug|x64.ActiveCfg = Debug|x64
		{F5316F47-6E3E-40FC-BD97-34067097B6CD}.Debug|x64.Build.0 = Debug|x64
		{F5316F47-6E3E-40FC-BD97-34067097B6CD}.Debug|x86.ActiveCfg = Debug|x86
		{F5316F47-6E3E-40FC-BD97-34067097B6CD}.Debug|x86.Build.0 = Debug|x86
		{F5316F47-6E3E-40FC-BD97-34067097B6CD}.Release|Any CPU.ActiveCfg = Release|Any CPU
		{F5316F47-6E3E-40FC-BD97-34067097B6CD}.Release|Any CPU.Build.0 = Release|Any CPU
		{F5316F47-6E3E-40FC-BD97-34067097B6CD}.Release|x64.ActiveCfg = Release|x64
		{F5316F47-6E3E-40FC-BD97-34067097B6CD}.Release|x64.Build.0 = Release|x64
		{F5316F47-6E3E-40FC-BD97-34067097B6CD}.Release|x86.ActiveCfg = Release|x86
		{F5316F47-6E3E-40FC-BD97-34067097B6CD}.Release|x86.Build.0 = Release|x86
		{96121D12-C9C5-49CF-BB8B-FA00B239FC25}.Debug|Any CPU.ActiveCfg = Debug|Any CPU
		{96121D12-C9C5-49CF-BB8B-FA00B239FC25}.Debug|Any CPU.Build.0 = Debug|Any CPU
		{96121D12-C9C5-49CF-BB8B-FA00B239FC25}.Debug|x64.ActiveCfg = Debug|x64
		{96121D12-C9C5-49CF-BB8B-FA00B239FC25}.Debug|x64.Build.0 = Debug|x64
		{96121D12-C9C5-49CF-BB8B-FA00B239FC25}.Debug|x86.ActiveCfg = Debug|x86
		{96121D12-C9C5-49CF-BB8B-FA00B239FC25}.Debug|x86.Build.0 = Debug|x86
		{96121D12-C9C5-49CF-BB8B-FA00B239FC25}.Release|Any CPU.ActiveCfg = Release|Any CPU
		{96121D12-C9C5-49CF-BB8B-FA00B239FC25}.Release|Any CPU.Build.0 = Release|Any CPU
		{96121D12-C9C5-49CF-BB8B-FA00B239FC25}.Release|x64.ActiveCfg = Release|x64
		{96121D12-C9C5-49CF-BB8B-FA00B239FC25}.Release|x64.Build.0 = Release|x64
		{96121D12-C9C5-49CF-BB8B-FA00B239FC25}.Release|x86.ActiveCfg = Release|x86
		{96121D12-C9C5-49CF-BB8B-FA00B239FC25}.Release|x86.Build.0 = Release|x86
	EndGlobalSection
	GlobalSection(NestedProjects) = preSolution
		{F5316F47-6E3E-40FC-BD97-34067097B6CD} = {902CDD6F-ECBD-4EC4-808A-179E717F8F23}
		{96121D12-C9C5-49CF-BB8B-FA00B239FC25} = {902CDD6F-ECBD-4EC4-808A-179E717F8F23}
	EndGlobalSection
EndGlobal
